version = 1
revision = 3
requires-python = ">=3.12"

[[package]]
name = "arrow"
version = "1.3.0"
source = { registry = "https://pypi.org/simple" }
dependencies = [
    { name = "python-dateutil" },
    { name = "types-python-dateutil" },
]
sdist = { url = "https://files.pythonhosted.org/packages/2e/00/0f6e8fcdb23ea632c866620cc872729ff43ed91d284c866b515c6342b173/arrow-1.3.0.tar.gz", hash = "sha256:d4540617648cb5f895730f1ad8c82a65f2dad0166f57b75f3ca54759c4d67a85", size = 131960, upload-time = "2023-09-30T22:11:18.25Z" }
wheels = [
    { url = "https://files.pythonhosted.org/packages/f8/ed/e97229a566617f2ae958a6b13e7cc0f585470eac730a73e9e82c32a3cdd2/arrow-1.3.0-py3-none-any.whl", hash = "sha256:c728b120ebc00eb84e01882a6f5e7927a53960aa990ce7dd2b10f39005a67f80", size = 66419, upload-time = "2023-09-30T22:11:16.072Z" },
]

[[package]]
name = "autopep8"
version = "2.3.2"
source = { registry = "https://pypi.org/simple" }
dependencies = [
    { name = "pycodestyle" },
]
sdist = { url = "https://files.pythonhosted.org/packages/50/d8/30873d2b7b57dee9263e53d142da044c4600a46f2d28374b3e38b023df16/autopep8-2.3.2.tar.gz", hash = "sha256:89440a4f969197b69a995e4ce0661b031f455a9f776d2c5ba3dbd83466931758", size = 92210, upload-time = "2025-01-14T14:46:18.454Z" }
wheels = [
    { url = "https://files.pythonhosted.org/packages/9e/43/53afb8ba17218f19b77c7834128566c5bbb100a0ad9ba2e8e89d089d7079/autopep8-2.3.2-py2.py3-none-any.whl", hash = "sha256:ce8ad498672c845a0c3de2629c15b635ec2b05ef8177a6e7c91c74f3e9b51128", size = 45807, upload-time = "2025-01-14T14:46:15.466Z" },
]

[[package]]
name = "boto3"
version = "1.37.36"
source = { registry = "https://pypi.org/simple" }
dependencies = [
    { name = "botocore" },
    { name = "jmespath" },
    { name = "s3transfer" },
]
sdist = { url = "https://files.pythonhosted.org/packages/b0/79/dd4add0d373930d928337ceb15afaf8083ce924f01b006a5af3df0a8cf6e/boto3-1.37.36.tar.gz", hash = "sha256:3012bb083a7d7653f117a1d53bdd8a4185b59afed74422eaa32d06f55bd411ee", size = 111649, upload-time = "2025-04-17T19:23:31.561Z" }
wheels = [
    { url = "https://files.pythonhosted.org/packages/f4/ea/b53c9b7bd26160f37a58f9a0cd6b6b794a969f1a0b88ba05e391d5b2ec1c/boto3-1.37.36-py3-none-any.whl", hash = "sha256:1ff9a15413b9a07d147ac143ad5eb7d1935ea0db96757211b5e6e148b1399850", size = 139921, upload-time = "2025-04-17T19:23:28.514Z" },
]

[[package]]
name = "botocore"
version = "1.37.36"
source = { registry = "https://pypi.org/simple" }
dependencies = [
    { name = "jmespath" },
    { name = "python-dateutil" },
    { name = "urllib3" },
]
sdist = { url = "https://files.pythonhosted.org/packages/32/f0/4c67f62ca846f64264342e1524ed7a0318cd6816f37db6007e5f30faa59c/botocore-1.37.36.tar.gz", hash = "sha256:89cf1ca101432adc391e5604ab45851346b8f3a72e5a468fa0ec7a99a5ea3efc", size = 13826204, upload-time = "2025-04-17T19:23:14.153Z" }
wheels = [
    { url = "https://files.pythonhosted.org/packages/dc/ea/b8577e9129e0a88883394e4ceb14728bce03cb5053cd3ad6e9f5ae829e2b/botocore-1.37.36-py3-none-any.whl", hash = "sha256:3dcc41a40a868f599bd9ea64f78c6640025df7810c939505d859979e4688b1ae", size = 13493545, upload-time = "2025-04-17T19:23:08.362Z" },
]

[[package]]
name = "certifi"
version = "2025.1.31"
source = { registry = "https://pypi.org/simple" }
sdist = { url = "https://files.pythonhosted.org/packages/1c/ab/c9f1e32b7b1bf505bf26f0ef697775960db7932abeb7b516de930ba2705f/certifi-2025.1.31.tar.gz", hash = "sha256:3d5da6925056f6f18f119200434a4780a94263f10d1c21d032a6f6b2baa20651", size = 167577, upload-time = "2025-01-31T02:16:47.166Z" }
wheels = [
    { url = "https://files.pythonhosted.org/packages/38/fc/bce832fd4fd99766c04d1ee0eead6b0ec6486fb100ae5e74c1d91292b982/certifi-2025.1.31-py3-none-any.whl", hash = "sha256:ca78db4565a652026a4db2bcdf68f2fb589ea80d0be70e03929ed730746b84fe", size = 166393, upload-time = "2025-01-31T02:16:45.015Z" },
]

[[package]]
name = "charset-normalizer"
version = "3.4.1"
source = { registry = "https://pypi.org/simple" }
sdist = { url = "https://files.pythonhosted.org/packages/16/b0/572805e227f01586461c80e0fd25d65a2115599cc9dad142fee4b747c357/charset_normalizer-3.4.1.tar.gz", hash = "sha256:44251f18cd68a75b56585dd00dae26183e102cd5e0f9f1466e6df5da2ed64ea3", size = 123188, upload-time = "2024-12-24T18:12:35.43Z" }
wheels = [
    { url = "https://files.pythonhosted.org/packages/0a/9a/dd1e1cdceb841925b7798369a09279bd1cf183cef0f9ddf15a3a6502ee45/charset_normalizer-3.4.1-cp312-cp312-macosx_10_13_universal2.whl", hash = "sha256:73d94b58ec7fecbc7366247d3b0b10a21681004153238750bb67bd9012414545", size = 196105, upload-time = "2024-12-24T18:10:38.83Z" },
    { url = "https://files.pythonhosted.org/packages/d3/8c/90bfabf8c4809ecb648f39794cf2a84ff2e7d2a6cf159fe68d9a26160467/charset_normalizer-3.4.1-cp312-cp312-manylinux_2_17_aarch64.manylinux2014_aarch64.whl", hash = "sha256:dad3e487649f498dd991eeb901125411559b22e8d7ab25d3aeb1af367df5efd7", size = 140404, upload-time = "2024-12-24T18:10:44.272Z" },
    { url = "https://files.pythonhosted.org/packages/ad/8f/e410d57c721945ea3b4f1a04b74f70ce8fa800d393d72899f0a40526401f/charset_normalizer-3.4.1-cp312-cp312-manylinux_2_17_ppc64le.manylinux2014_ppc64le.whl", hash = "sha256:c30197aa96e8eed02200a83fba2657b4c3acd0f0aa4bdc9f6c1af8e8962e0757", size = 150423, upload-time = "2024-12-24T18:10:45.492Z" },
    { url = "https://files.pythonhosted.org/packages/f0/b8/e6825e25deb691ff98cf5c9072ee0605dc2acfca98af70c2d1b1bc75190d/charset_normalizer-3.4.1-cp312-cp312-manylinux_2_17_s390x.manylinux2014_s390x.whl", hash = "sha256:2369eea1ee4a7610a860d88f268eb39b95cb588acd7235e02fd5a5601773d4fa", size = 143184, upload-time = "2024-12-24T18:10:47.898Z" },
    { url = "https://files.pythonhosted.org/packages/3e/a2/513f6cbe752421f16d969e32f3583762bfd583848b763913ddab8d9bfd4f/charset_normalizer-3.4.1-cp312-cp312-manylinux_2_17_x86_64.manylinux2014_x86_64.whl", hash = "sha256:bc2722592d8998c870fa4e290c2eec2c1569b87fe58618e67d38b4665dfa680d", size = 145268, upload-time = "2024-12-24T18:10:50.589Z" },
    { url = "https://files.pythonhosted.org/packages/74/94/8a5277664f27c3c438546f3eb53b33f5b19568eb7424736bdc440a88a31f/charset_normalizer-3.4.1-cp312-cp312-manylinux_2_5_i686.manylinux1_i686.manylinux_2_17_i686.manylinux2014_i686.whl", hash = "sha256:ffc9202a29ab3920fa812879e95a9e78b2465fd10be7fcbd042899695d75e616", size = 147601, upload-time = "2024-12-24T18:10:52.541Z" },
    { url = "https://files.pythonhosted.org/packages/7c/5f/6d352c51ee763623a98e31194823518e09bfa48be2a7e8383cf691bbb3d0/charset_normalizer-3.4.1-cp312-cp312-musllinux_1_2_aarch64.whl", hash = "sha256:804a4d582ba6e5b747c625bf1255e6b1507465494a40a2130978bda7b932c90b", size = 141098, upload-time = "2024-12-24T18:10:53.789Z" },
    { url = "https://files.pythonhosted.org/packages/78/d4/f5704cb629ba5ab16d1d3d741396aec6dc3ca2b67757c45b0599bb010478/charset_normalizer-3.4.1-cp312-cp312-musllinux_1_2_i686.whl", hash = "sha256:0f55e69f030f7163dffe9fd0752b32f070566451afe180f99dbeeb81f511ad8d", size = 149520, upload-time = "2024-12-24T18:10:55.048Z" },
    { url = "https://files.pythonhosted.org/packages/c5/96/64120b1d02b81785f222b976c0fb79a35875457fa9bb40827678e54d1bc8/charset_normalizer-3.4.1-cp312-cp312-musllinux_1_2_ppc64le.whl", hash = "sha256:c4c3e6da02df6fa1410a7680bd3f63d4f710232d3139089536310d027950696a", size = 152852, upload-time = "2024-12-24T18:10:57.647Z" },
    { url = "https://files.pythonhosted.org/packages/84/c9/98e3732278a99f47d487fd3468bc60b882920cef29d1fa6ca460a1fdf4e6/charset_normalizer-3.4.1-cp312-cp312-musllinux_1_2_s390x.whl", hash = "sha256:5df196eb874dae23dcfb968c83d4f8fdccb333330fe1fc278ac5ceeb101003a9", size = 150488, upload-time = "2024-12-24T18:10:59.43Z" },
    { url = "https://files.pythonhosted.org/packages/13/0e/9c8d4cb99c98c1007cc11eda969ebfe837bbbd0acdb4736d228ccaabcd22/charset_normalizer-3.4.1-cp312-cp312-musllinux_1_2_x86_64.whl", hash = "sha256:e358e64305fe12299a08e08978f51fc21fac060dcfcddd95453eabe5b93ed0e1", size = 146192, upload-time = "2024-12-24T18:11:00.676Z" },
    { url = "https://files.pythonhosted.org/packages/b2/21/2b6b5b860781a0b49427309cb8670785aa543fb2178de875b87b9cc97746/charset_normalizer-3.4.1-cp312-cp312-win32.whl", hash = "sha256:9b23ca7ef998bc739bf6ffc077c2116917eabcc901f88da1b9856b210ef63f35", size = 95550, upload-time = "2024-12-24T18:11:01.952Z" },
    { url = "https://files.pythonhosted.org/packages/21/5b/1b390b03b1d16c7e382b561c5329f83cc06623916aab983e8ab9239c7d5c/charset_normalizer-3.4.1-cp312-cp312-win_amd64.whl", hash = "sha256:6ff8a4a60c227ad87030d76e99cd1698345d4491638dfa6673027c48b3cd395f", size = 102785, upload-time = "2024-12-24T18:11:03.142Z" },
    { url = "https://files.pythonhosted.org/packages/38/94/ce8e6f63d18049672c76d07d119304e1e2d7c6098f0841b51c666e9f44a0/charset_normalizer-3.4.1-cp313-cp313-macosx_10_13_universal2.whl", hash = "sha256:aabfa34badd18f1da5ec1bc2715cadc8dca465868a4e73a0173466b688f29dda", size = 195698, upload-time = "2024-12-24T18:11:05.834Z" },
    { url = "https://files.pythonhosted.org/packages/24/2e/dfdd9770664aae179a96561cc6952ff08f9a8cd09a908f259a9dfa063568/charset_normalizer-3.4.1-cp313-cp313-manylinux_2_17_aarch64.manylinux2014_aarch64.whl", hash = "sha256:22e14b5d70560b8dd51ec22863f370d1e595ac3d024cb8ad7d308b4cd95f8313", size = 140162, upload-time = "2024-12-24T18:11:07.064Z" },
    { url = "https://files.pythonhosted.org/packages/24/4e/f646b9093cff8fc86f2d60af2de4dc17c759de9d554f130b140ea4738ca6/charset_normalizer-3.4.1-cp313-cp313-manylinux_2_17_ppc64le.manylinux2014_ppc64le.whl", hash = "sha256:8436c508b408b82d87dc5f62496973a1805cd46727c34440b0d29d8a2f50a6c9", size = 150263, upload-time = "2024-12-24T18:11:08.374Z" },
    { url = "https://files.pythonhosted.org/packages/5e/67/2937f8d548c3ef6e2f9aab0f6e21001056f692d43282b165e7c56023e6dd/charset_normalizer-3.4.1-cp313-cp313-manylinux_2_17_s390x.manylinux2014_s390x.whl", hash = "sha256:2d074908e1aecee37a7635990b2c6d504cd4766c7bc9fc86d63f9c09af3fa11b", size = 142966, upload-time = "2024-12-24T18:11:09.831Z" },
    { url = "https://files.pythonhosted.org/packages/52/ed/b7f4f07de100bdb95c1756d3a4d17b90c1a3c53715c1a476f8738058e0fa/charset_normalizer-3.4.1-cp313-cp313-manylinux_2_17_x86_64.manylinux2014_x86_64.whl", hash = "sha256:955f8851919303c92343d2f66165294848d57e9bba6cf6e3625485a70a038d11", size = 144992, upload-time = "2024-12-24T18:11:12.03Z" },
    { url = "https://files.pythonhosted.org/packages/96/2c/d49710a6dbcd3776265f4c923bb73ebe83933dfbaa841c5da850fe0fd20b/charset_normalizer-3.4.1-cp313-cp313-manylinux_2_5_i686.manylinux1_i686.manylinux_2_17_i686.manylinux2014_i686.whl", hash = "sha256:44ecbf16649486d4aebafeaa7ec4c9fed8b88101f4dd612dcaf65d5e815f837f", size = 147162, upload-time = "2024-12-24T18:11:13.372Z" },
    { url = "https://files.pythonhosted.org/packages/b4/41/35ff1f9a6bd380303dea55e44c4933b4cc3c4850988927d4082ada230273/charset_normalizer-3.4.1-cp313-cp313-musllinux_1_2_aarch64.whl", hash = "sha256:0924e81d3d5e70f8126529951dac65c1010cdf117bb75eb02dd12339b57749dd", size = 140972, upload-time = "2024-12-24T18:11:14.628Z" },
    { url = "https://files.pythonhosted.org/packages/fb/43/c6a0b685fe6910d08ba971f62cd9c3e862a85770395ba5d9cad4fede33ab/charset_normalizer-3.4.1-cp313-cp313-musllinux_1_2_i686.whl", hash = "sha256:2967f74ad52c3b98de4c3b32e1a44e32975e008a9cd2a8cc8966d6a5218c5cb2", size = 149095, upload-time = "2024-12-24T18:11:17.672Z" },
    { url = "https://files.pythonhosted.org/packages/4c/ff/a9a504662452e2d2878512115638966e75633519ec11f25fca3d2049a94a/charset_normalizer-3.4.1-cp313-cp313-musllinux_1_2_ppc64le.whl", hash = "sha256:c75cb2a3e389853835e84a2d8fb2b81a10645b503eca9bcb98df6b5a43eb8886", size = 152668, upload-time = "2024-12-24T18:11:18.989Z" },
    { url = "https://files.pythonhosted.org/packages/6c/71/189996b6d9a4b932564701628af5cee6716733e9165af1d5e1b285c530ed/charset_normalizer-3.4.1-cp313-cp313-musllinux_1_2_s390x.whl", hash = "sha256:09b26ae6b1abf0d27570633b2b078a2a20419c99d66fb2823173d73f188ce601", size = 150073, upload-time = "2024-12-24T18:11:21.507Z" },
    { url = "https://files.pythonhosted.org/packages/e4/93/946a86ce20790e11312c87c75ba68d5f6ad2208cfb52b2d6a2c32840d922/charset_normalizer-3.4.1-cp313-cp313-musllinux_1_2_x86_64.whl", hash = "sha256:fa88b843d6e211393a37219e6a1c1df99d35e8fd90446f1118f4216e307e48cd", size = 145732, upload-time = "2024-12-24T18:11:22.774Z" },
    { url = "https://files.pythonhosted.org/packages/cd/e5/131d2fb1b0dddafc37be4f3a2fa79aa4c037368be9423061dccadfd90091/charset_normalizer-3.4.1-cp313-cp313-win32.whl", hash = "sha256:eb8178fe3dba6450a3e024e95ac49ed3400e506fd4e9e5c32d30adda88cbd407", size = 95391, upload-time = "2024-12-24T18:11:24.139Z" },
    { url = "https://files.pythonhosted.org/packages/27/f2/4f9a69cc7712b9b5ad8fdb87039fd89abba997ad5cbe690d1835d40405b0/charset_normalizer-3.4.1-cp313-cp313-win_amd64.whl", hash = "sha256:b1ac5992a838106edb89654e0aebfc24f5848ae2547d22c2c3f66454daa11971", size = 102702, upload-time = "2024-12-24T18:11:26.535Z" },
    { url = "https://files.pythonhosted.org/packages/0e/f6/65ecc6878a89bb1c23a086ea335ad4bf21a588990c3f535a227b9eea9108/charset_normalizer-3.4.1-py3-none-any.whl", hash = "sha256:d98b1668f06378c6dbefec3b92299716b931cd4e6061f3c875a71ced1780ab85", size = 49767, upload-time = "2024-12-24T18:12:32.852Z" },
]

[[package]]
name = "click"
version = "8.1.8"
source = { registry = "https://pypi.org/simple" }
dependencies = [
    { name = "colorama", marker = "sys_platform == 'win32'" },
]
sdist = { url = "https://files.pythonhosted.org/packages/b9/2e/0090cbf739cee7d23781ad4b89a9894a41538e4fcf4c31dcdd705b78eb8b/click-8.1.8.tar.gz", hash = "sha256:ed53c9d8990d83c2a27deae68e4ee337473f6330c040a31d4225c9574d16096a", size = 226593, upload-time = "2024-12-21T18:38:44.339Z" }
wheels = [
    { url = "https://files.pythonhosted.org/packages/7e/d4/7ebdbd03970677812aac39c869717059dbb71a4cfc033ca6e5221787892c/click-8.1.8-py3-none-any.whl", hash = "sha256:63c132bbbed01578a06712a2d1f497bb62d9c1c0d329b7903a866228027263b2", size = 98188, upload-time = "2024-12-21T18:38:41.666Z" },
]

[[package]]
name = "colorama"
version = "0.4.6"
source = { registry = "https://pypi.org/simple" }
sdist = { url = "https://files.pythonhosted.org/packages/d8/53/6f443c9a4a8358a93a6792e2acffb9d9d5cb0a5cfd8802644b7b1c9a02e4/colorama-0.4.6.tar.gz", hash = "sha256:08695f5cb7ed6e0531a20572697297273c47b8cae5a63ffc6d6ed5c201be6e44", size = 27697, upload-time = "2022-10-25T02:36:22.414Z" }
wheels = [
    { url = "https://files.pythonhosted.org/packages/d1/d6/3965ed04c63042e047cb6a3e6ed1a63a35087b6a609aa3a15ed8ac56c221/colorama-0.4.6-py2.py3-none-any.whl", hash = "sha256:4f1d9991f5acc0ca119f9d443620b77f9d6b33703e51011c16baf57afb285fc6", size = 25335, upload-time = "2022-10-25T02:36:20.889Z" },
]

[[package]]
name = "idna"
version = "3.10"
source = { registry = "https://pypi.org/simple" }
sdist = { url = "https://files.pythonhosted.org/packages/f1/70/7703c29685631f5a7590aa73f1f1d3fa9a380e654b86af429e0934a32f7d/idna-3.10.tar.gz", hash = "sha256:12f65c9b470abda6dc35cf8e63cc574b1c52b11df2c86030af0ac09b01b13ea9", size = 190490, upload-time = "2024-09-15T18:07:39.745Z" }
wheels = [
    { url = "https://files.pythonhosted.org/packages/76/c6/c88e154df9c4e1a2a66ccf0005a88dfb2650c1dffb6f5ce603dfbd452ce3/idna-3.10-py3-none-any.whl", hash = "sha256:946d195a0d259cbba61165e88e65941f16e9b36ea6ddb97f00452bae8b1287d3", size = 70442, upload-time = "2024-09-15T18:07:37.964Z" },
]

[[package]]
name = "isort"
version = "6.0.1"
source = { registry = "https://pypi.org/simple" }
sdist = { url = "https://files.pythonhosted.org/packages/b8/21/1e2a441f74a653a144224d7d21afe8f4169e6c7c20bb13aec3a2dc3815e0/isort-6.0.1.tar.gz", hash = "sha256:1cb5df28dfbc742e490c5e41bad6da41b805b0a8be7bc93cd0fb2a8a890ac450", size = 821955, upload-time = "2025-02-26T21:13:16.955Z" }
wheels = [
    { url = "https://files.pythonhosted.org/packages/c1/11/114d0a5f4dabbdcedc1125dee0888514c3c3b16d3e9facad87ed96fad97c/isort-6.0.1-py3-none-any.whl", hash = "sha256:2dc5d7f65c9678d94c88dfc29161a320eec67328bc97aad576874cb4be1e9615", size = 94186, upload-time = "2025-02-26T21:13:14.911Z" },
]

[[package]]
name = "jmespath"
version = "1.0.1"
source = { registry = "https://pypi.org/simple" }
sdist = { url = "https://files.pythonhosted.org/packages/00/2a/e867e8531cf3e36b41201936b7fa7ba7b5702dbef42922193f05c8976cd6/jmespath-1.0.1.tar.gz", hash = "sha256:90261b206d6defd58fdd5e85f478bf633a2901798906be2ad389150c5c60edbe", size = 25843, upload-time = "2022-06-17T18:00:12.224Z" }
wheels = [
    { url = "https://files.pythonhosted.org/packages/31/b4/b9b800c45527aadd64d5b442f9b932b00648617eb5d63d2c7a6587b7cafc/jmespath-1.0.1-py3-none-any.whl", hash = "sha256:02e2e4cc71b5bcab88332eebf907519190dd9e6e82107fa7f83b1003a6252980", size = 20256, upload-time = "2022-06-17T18:00:10.251Z" },
]

[[package]]
name = "ocftw-ooni-research-asn-coverage"
version = "0.1.0"
source = { virtual = "." }
dependencies = [
    { name = "arrow" },
    { name = "boto3" },
    { name = "click" },
    { name = "orjson" },
    { name = "requests" },
]

[package.dev-dependencies]
dev = [
    { name = "autopep8" },
    { name = "isort" },
]

[package.metadata]
requires-dist = [
    { name = "arrow", specifier = ">=1.3.0" },
    { name = "boto3", specifier = ">=1.37.36" },
    { name = "click", specifier = ">=8.1.8" },
    { name = "orjson", specifier = ">=3.11.6" },
    { name = "requests", specifier = ">=2.32.3" },
]

[package.metadata.requires-dev]
dev = [
    { name = "autopep8", specifier = ">=2.3.2" },
    { name = "isort", specifier = ">=6.0.1" },
]

[[package]]
name = "orjson"
version = "3.12.0"
source = { registry = "https://pypi.org/simple" }
sdist = { url = "https://files.pythonhosted.org/packages/0f/f3/742fb1f62b825f2c010697eaf4e828004bc2a81e7e806666989c132c7c42/orjson-3.12.0.tar.gz", hash = "sha256:d14203fb1aae2ad9b3d52f8a0e82aeb10197ef1c9bc61da7f358bd70b00123d5", size = 4142915, upload-time = "2026-08-14T16:13:30.607Z" }
wheels = [
    { url = "https://files.pythonhosted.org/packages/be/4a/295da39c651c2faac8bd351a2a346f0fdedd9d50b847ee9dfc27d2207ef6/orjson-3.12.0-cp312-cp312-macosx_10_15_x86_64.macosx_11_0_arm64.macosx_10_15_universal2.whl", hash = "sha256:aa3e43a6846e91d7bde3d5a9c66090fcd8744f569a9b6cffc5e1ca38f6a461c0", size = 223427, upload-time = "2026-08-14T16:12:28.525Z" },
    { url = "https://files.pythonhosted.org/packages/29/98/758cf90fbeaaafb7f8141bfac75a432099959f3a2f5db93a412e876415d8/orjson-3.12.0-cp312-cp312-macosx_15_0_arm64.whl", hash = "sha256:11edb4660a6680abee9788a3a9072208a2c96538cc1322bd79542065229d8e54", size = 123725, upload-time = "2026-08-14T16:12:30.013Z" },
    { url = "https://files.pythonhosted.org/packages/32/b5/5b934d251f8651f7e41df180ad0c57a6e1cabe15c7bd331638413a50ebc9/orjson-3.12.0-cp312-cp312-manylinux2014_armv7l.manylinux_2_17_armv7l.whl", hash = "sha256:2d3a9da945a4d96ae758fdaaca56742e6b73b6fd554c5d8876f252a6dad70b83", size = 113375, upload-time = "2026-08-14T16:12:31.209Z" },
    { url = "https://files.pythonhosted.org/packages/cd/d2/37efb5b12a176ce3ced29f4144f20da57d02757f78ce549637dc1b4e1fc8/orjson-3.12.0-cp312-cp312-manylinux2014_i686.manylinux_2_17_i686.whl", hash = "sha256:92ffc09e07233a6ab6d4e067f7841edcbcc134cb4812155cf171ea5255a421d7", size = 129983, upload-time = "2026-08-14T16:12:32.721Z" },
    { url = "https://files.pythonhosted.org/packages/50/22/0644b87c73f13e0092df8f35a1fe280d991e5e90072087411e0dd7e44e0c/orjson-3.12.0-cp312-cp312-manylinux_2_17_aarch64.manylinux2014_aarch64.whl", hash = "sha256:bf44e374aadde77b1f6109f1030be51433eb61984379852766b6f4e187db7b1e", size = 130629, upload-time = "2026-08-14T16:12:34.084Z" },
    { url = "https://files.pythonhosted.org/packages/8c/57/80b986ebfecd9c6a177ddf1c2319717f0cd8feffb2b78946595a18a2fc88/orjson-3.12.0-cp312-cp312-manylinux_2_17_x86_64.manylinux2014_x86_64.whl", hash = "sha256:1192a7021b6d071aaf909864f6e924d6a2675ca360485b972b8401749311750b", size = 131245, upload-time = "2026-08-14T16:12:35.713Z" },
    { url = "https://files.pythonhosted.org/packages/80/3d/75c5ac5a69161f44492a68fbdde66f4cc4ce48cd5e1fb05918e46f0c8848/orjson-3.12.0-cp312-cp312-musllinux_1_2_aarch64.whl", hash = "sha256:53c0c474a9d9aff9aebfc0c88de1f28f843d940e6e3a80729abdf6a20274356f", size = 135397, upload-time = "2026-08-14T16:12:37.128Z" },
    { url = "https://files.pythonhosted.org/packages/71/93/4d71f2df314a97ff0d27a4559bf5888fc8406e3c6dec90e92291e3511215/orjson-3.12.0-cp312-cp312-musllinux_1_2_x86_64.whl", hash = "sha256:532ff8cd4bd59a327a953a7dcde922c7fc25b85e29721bb8633265430d3a3873", size = 127693, upload-time = "2026-08-14T16:12:38.627Z" },
    { url = "https://files.pythonhosted.org/packages/bc/1d/0dbc6be5adfd1730491072fb60beb6bcdf5d7b2596ee41b7fc2e298bfc09/orjson-3.12.0-cp312-cp312-win32.whl", hash = "sha256:a6cf4b18e7de173f209f2084ffbd736dd72389a396326ee80a7022168be232e5", size = 128000, upload-time = "2026-08-14T16:12:39.954Z" },
    { url = "https://files.pythonhosted.org/packages/2d/c9/97b1ce0112ebf5e949c775ed5b1755e562233179f3584579673cc24d6378/orjson-3.12.0-cp312-cp312-win_amd64.whl", hash = "sha256:010811c1b69773450a01cef97727a67b223242f350b77d4ca000e59a9ef2155a", size = 122106, upload-time = "2026-08-14T16:12:41.324Z" },
    { url = "https://files.pythonhosted.org/packages/a8/6a/facd8b312e4a0d3a7fa978c7e15821f74a336adf1d65529faec33b48e18b/orjson-3.12.0-cp312-cp312-win_arm64.whl", hash = "sha256:ad29eece0c601737f2a60edc2752a84e7a0785df3efb62e3012834700a5afe0d", size = 126869, upload-time = "2026-08-14T16:12:42.651Z" },
    { url = "https://files.pythonhosted.org/packages/54/cb/d7b78218a987eb8a8ce4eeae0286b1bb679333eb631ea0eeaf6371680bfc/orjson-3.12.0-cp313-cp313-macosx_10_15_x86_64.macosx_11_0_arm64.macosx_10_15_universal2.whl", hash = "sha256:9a36ec60f1796f9a3f13e3b98390295e17a1c7c10155b448d264098bf9ee5900", size = 223397, upload-time = "2026-08-14T16:12:44.003Z" },
    { url = "https://files.pythonhosted.org/packages/f8/4a/bc87c45e7ec639d35ebefd62618e01939531ac8e171426606a01bda05914/orjson-3.12.0-cp313-cp313-macosx_15_0_arm64.whl", hash = "sha256:ad0422b92d5195443a39f80c3bcf731cc2e00f153bd32063a47b73b057bd0f03", size = 123662, upload-time = "2026-08-14T16:12:45.433Z" },
    { url = "https://files.pythonhosted.org/packages/94/ee/c9a4ff3f2dbedbbe9e635d0fa72c8866adede09b6335ef9644f53752f0d8/orjson-3.12.0-cp313-cp313-manylinux2014_armv7l.manylinux_2_17_armv7l.whl", hash = "sha256:5a0fdbc216388f653d3752ff310e710f59253bd4ed6a2bfb3f4f06b84714bbd8", size = 113374, upload-time = "2026-08-14T16:12:46.755Z" },
    { url = "https://files.pythonhosted.org/packages/75/09/3f330a026a796c8b4c97a6f429652a5e912e7065039bf96ed25e42aa7b25/orjson-3.12.0-cp313-cp313-manylinux2014_i686.manylinux_2_17_i686.whl", hash = "sha256:2eb5c56e534127b2b8fa38d2363c8b1b8190367ee0d1d16c041517d880843b94", size = 130029, upload-time = "2026-08-14T16:12:48.06Z" },
    { url = "https://files.pythonhosted.org/packages/7d/40/094cc53126a3d22f76cdf83b6ea67338bed01d774037621a785aa8e6e5ea/orjson-3.12.0-cp313-cp313-manylinux_2_17_aarch64.manylinux2014_aarch64.whl", hash = "sha256:784106539f4b9d4b930e0b4eb8d45168507dae001945e71b4675a367f1e5e806", size = 130528, upload-time = "2026-08-14T16:12:49.362Z" },
    { url = "https://files.pythonhosted.org/packages/bc/74/89bb236deb9565f99434b13052bb40ddfcce4adf3afbfa3132ee7e421468/orjson-3.12.0-cp313-cp313-manylinux_2_17_x86_64.manylinux2014_x86_64.whl", hash = "sha256:1c680706fc8396d95e7c4c1f9482563f552137aef91b57237a3ad5aaf64629df", size = 131075, upload-time = "2026-08-14T16:12:50.692Z" },
    { url = "https://files.pythonhosted.org/packages/0c/ac/1176360d762c01b5bd34acd56fc098e936c491363d8b6b397ad4aa475547/orjson-3.12.0-cp313-cp313-musllinux_1_2_aarch64.whl", hash = "sha256:83445adc40cba26d6d621185a45128ce455b766af368cad2ab64b970603a7978", size = 135321, upload-time = "2026-08-14T16:12:52.114Z" },
    { url = "https://files.pythonhosted.org/packages/7a/02/bbd881c8b9276d50b998de38b4e97de8ace1aac940b0ee545aedbf65ed00/orjson-3.12.0-cp313-cp313-musllinux_1_2_x86_64.whl", hash = "sha256:644d005bc82f917337a95ce270c9f6f92f9834c2bed7b1477572f8db00784222", size = 127472, upload-time = "2026-08-14T16:12:53.517Z" },
    { url = "https://files.pythonhosted.org/packages/8e/02/a0934d7503e6dcbedd6afac3e7f3f8597fd09389949ad94d0f7540e9dbca/orjson-3.12.0-cp313-cp313-win32.whl", hash = "sha256:d8e78d3d93705e3d27cc17cdb209e44d7a8ea203010cac6ce9c7ffc1ae1996f1", size = 128000, upload-time = "2026-08-14T16:12:55.14Z" },
    { url = "https://files.pythonhosted.org/packages/52/87/69f98f8d40faff103a965a5fbb83f08241b01beaf92badb5413fbc9358cc/orjson-3.12.0-cp313-cp313-win_amd64.whl", hash = "sha256:b85931be5b6763c31283805c9bdaae1ca03ad9f6f12a15f1cbf6745b907932c2", size = 121841, upload-time = "2026-08-14T16:12:56.507Z" },
    { url = "https://files.pythonhosted.org/packages/e6/07/b83046a4e3cadcc0987d0f160696107c4af706a619b56e4ad01940cadadf/orjson-3.12.0-cp313-cp313-win_arm64.whl", hash = "sha256:6a31348d7dfa64cd9c78bd1f510ff44c48fe64d71094e6b90e364dba3b55949e", size = 126765, upload-time = "2026-08-14T16:12:57.806Z" },
    { url = "https://files.pythonhosted.org/packages/12/9d/3931253e6f3148abf2cbe14830367042a4806b362ea520df2303db188fb9/orjson-3.12.0-cp314-cp314-macosx_10_15_x86_64.macosx_11_0_arm64.macosx_10_15_universal2.whl", hash = "sha256:9e6fee342a48760e854d743e7a81534d8e2925a6f46e09f750cf56b50fd1de5d", size = 223391, upload-time = "2026-08-14T16:12:59.184Z" },
    { url = "https://files.pythonhosted.org/packages/8a/0e/b4a4f1e305367245877b967a0bad70fcf001d77c54ac4339a120b66fdae4/orjson-3.12.0-cp314-cp314-macosx_15_0_arm64.whl", hash = "sha256:8c3bb86dd10f39b3fbf434b7d5dc7cac77d6fc8ac572ae30a10731ede2c4b647", size = 123659, upload-time = "2026-08-14T16:13:00.548Z" },
    { url = "https://files.pythonhosted.org/packages/96/f3/6782c6fa85e2702bc66be183c3b421486167dcf266ee4dc1403fe3824870/orjson-3.12.0-cp314-cp314-manylinux2014_armv7l.manylinux_2_17_armv7l.whl", hash = "sha256:2bb3ce43203936072dd8b4917b01d3aecfc02329bfb42510cb7cfb24708adc9c", size = 113337, upload-time = "2026-08-14T16:13:02.009Z" },
    { url = "https://files.pythonhosted.org/packages/bf/79/b32ab64bacda9d0fa4942ef483bd03cabf0eaf2be819ca9fb7ff610c559d/orjson-3.12.0-cp314-cp314-manylinux2014_i686.manylinux_2_17_i686.whl", hash = "sha256:6a2a79c89984dc719817d388c8709e0efc2a2795a934eaa746b4882eb6045adc", size = 130112, upload-time = "2026-08-14T16:13:03.404Z" },
    { url = "https://files.pythonhosted.org/packages/ee/49/6e6142999ca01509219be5e5a9c338a3e5ea011f63e91ff473fbbf3734ed/orjson-3.12.0-cp314-cp314-manylinux_2_17_aarch64.manylinux2014_aarch64.whl", hash = "sha256:f06dd838d1e07d9b1de0932ec0485ec92c4d5f5d1ad4817a656268c3e88be1e1", size = 130520, upload-time = "2026-08-14T16:13:04.798Z" },
    { url = "https://files.pythonhosted.org/packages/49/d0/3745af0a4cc9867784f29722929cec4d10bd1c877cd754b01ba6d96eb21a/orjson-3.12.0-cp314-cp314-manylinux_2_17_x86_64.manylinux2014_x86_64.whl", hash = "sha256:c6b11be792c3d2c6a4be2af4ebf97a68d0bf5f580aca6e86a418a354f6cc846a", size = 131053, upload-time = "2026-08-14T16:13:06.14Z" },
    { url = "https://files.pythonhosted.org/packages/c3/f4/6fe5a22fa478fffb190e65c338c84df5c311ef597b363150a17cc57063c0/orjson-3.12.0-cp314-cp314-musllinux_1_2_aarch64.whl", hash = "sha256:477ecaf6b9f88f873341b91fcc736119ca81b5e002a9f7f308ff5b4f2ce2a70e", size = 135321, upload-time = "2026-08-14T16:13:07.544Z" },
    { url = "https://files.pythonhosted.org/packages/ff/41/b1b0ec30289646a81a76e2dbaae2686b96fcccb7cb0323dc1dd78cbc7875/orjson-3.12.0-cp314-cp314-musllinux_1_2_x86_64.whl", hash = "sha256:f3c0683136acdc29afdf88a5bc2f7d3d0e34087788d1d63c0144b805a87a196f", size = 127485, upload-time = "2026-08-14T16:13:08.88Z" },
    { url = "https://files.pythonhosted.org/packages/bf/2b/277404bdcc21c93b112b963655b76443ebfe828f8a3ff1de7d90f8850eb3/orjson-3.12.0-cp314-cp314-win32.whl", hash = "sha256:d39f3f5c3927e2dc0913fe5bbc1a2f6b1b9d1bba1de6358340d0ad0d0c00ca92", size = 128048, upload-time = "2026-08-14T16:13:10.305Z" },
    { url = "https://files.pythonhosted.org/packages/41/2b/395b36fa2b4ce7af70b651d715e88f80d884b2c2b14a6b53e84d554fb5f0/orjson-3.12.0-cp314-cp314-win_amd64.whl", hash = "sha256:0b1ac5bf6609b2716c7954011c5fef6254922df029f45d032ee4ebf5d363cbed", size = 121858, upload-time = "2026-08-14T16:13:11.634Z" },
    { url = "https://files.pythonhosted.org/packages/ea/a3/833e895ff452859eebe75093d26691fe9108f1a7a6a08435d7a5780ea652/orjson-3.12.0-cp314-cp314-win_arm64.whl", hash = "sha256:50fae885cb073eac7556353ff3df93312b0d5137b0a5056b2bb63f97ed9a93c7", size = 126749, upload-time = "2026-08-14T16:13:13.117Z" },
    { url = "https://files.pythonhosted.org/packages/58/64/99c8947ece10c17176af9aae85c4948f1d109da77440ec14d87239efaf73/orjson-3.12.0-cp315-cp315-macosx_10_15_x86_64.macosx_11_0_arm64.macosx_10_15_universal2.whl", hash = "sha256:01efac2074fffb4cb1ea3fab7861e9d0f2a26913854a972f5ac760525dbdaf6e", size = 223398, upload-time = "2026-08-14T16:13:14.694Z" },
    { url = "https://files.pythonhosted.org/packages/3e/30/cf983fe09f2731420fda097a9f7ef4343f47fa216c228961ad8f6da44f3d/orjson-3.12.0-cp315-cp315-macosx_15_0_arm64.whl", hash = "sha256:ed4ca42bd55955aa34deedcfdfd0e0c31abf51143aae158ae2bc3520b626e517", size = 123655, upload-time = "2026-08-14T16:13:16.221Z" },
    { url = "https://files.pythonhosted.org/packages/11/50/9cb8ae73fa4749dbbc20f617004213b5ff01c20aaeec34c3f31124f2c1d8/orjson-3.12.0-cp315-cp315-manylinux_2_39_aarch64.whl", hash = "sha256:40f92192227505acca4e2533ce565f8e6b9535f7d0d09b0968452f18b7376b38", size = 130515, upload-time = "2026-08-14T16:13:17.601Z" },
    { url = "https://files.pythonhosted.org/packages/9f/0a/adb6ce1a5b5fbf9cb1790f9961bb668a0dd5429aadaf6cee044724681795/orjson-3.12.0-cp315-cp315-manylinux_2_39_armv7l.whl", hash = "sha256:33efefcf5d88eaf400b47e2eba02f91f319bb9951be61ca500b7d536d3f2079d", size = 113327, upload-time = "2026-08-14T16:13:18.927Z" },
    { url = "https://files.pythonhosted.org/packages/51/5c/d17f61581d8dbdde7048f87a330fa24915edec38db4d72b381fec14fbb56/orjson-3.12.0-cp315-cp315-manylinux_2_39_i686.whl", hash = "sha256:8e386b0bc0ddd7cd2056f884b5a0af33592bd01ac66a7ca4b42a65a7e7774a13", size = 130105, upload-time = "2026-08-14T16:13:20.317Z" },
    { url = "https://files.pythonhosted.org/packages/9f/b7/938befcf33bee4704a92ecec6a2731224c539d939bf9429fd39396d28931/orjson-3.12.0-cp315-cp315-manylinux_2_39_x86_64.whl", hash = "sha256:58c58e1de0006ffb580368d6793c36c7b0b021db066479cf281bf5061e732328", size = 131049, upload-time = "2026-08-14T16:13:21.719Z" },
    { url = "https://files.pythonhosted.org/packages/b0/15/cfa2021d64d5aa8bb5c9f604ef375e00ec8b657651b5dd650b1b7ad13df1/orjson-3.12.0-cp315-cp315-musllinux_1_2_aarch64.whl", hash = "sha256:08231552159be266a7269555bd9f7c016aee7d9ad6dab06eb58796c5ccb7101c", size = 135320, upload-time = "2026-08-14T16:13:23.415Z" },
    { url = "https://files.pythonhosted.org/packages/1a/50/3e75dfe357c1e8f9e287c7a5740260ef15bd23a5299eae8d0835dcad5375/orjson-3.12.0-cp315-cp315-musllinux_1_2_x86_64.whl", hash = "sha256:a15f9a891bce5f5cc5d210e3ad8614d4d1b489a56448c099d6d2a7168b2d954a", size = 127488, upload-time = "2026-08-14T16:13:24.791Z" },
    { url = "https://files.pythonhosted.org/packages/11/a6/79aed402eb3ab284dc5b4791a7ad62c5875127de01b8e3f04bd92d551298/orjson-3.12.0-cp315-cp315-win32.whl", hash = "sha256:03091c8a64db4be38746597ceea68f33c238e27acd9bfe99fb59420224ae7a55", size = 128048, upload-time = "2026-08-14T16:13:26.217Z" },
    { url = "https://files.pythonhosted.org/packages/64/f7/2723e264aab7248c1ed6ecaad8e5d0cb866c0cffde75442102ffa7491aba/orjson-3.12.0-cp315-cp315-win_amd64.whl", hash = "sha256:2b7bcefb9f40fa242fa6b06377232c048e655747790829609168c01162f60578", size = 121860, upload-time = "2026-08-14T16:13:27.577Z" },
    { url = "https://files.pythonhosted.org/packages/82/56/630c9113ec8996778f1f0304b364b091b9a9db5fef5fdc17cca622f5ea24/orjson-3.12.0-cp315-cp315-win_arm64.whl", hash = "sha256:859fc4196855890150bb08e649b30d2c93b249b3e3edd0d3bb2231abf8aa8adc", size = 126754, upload-time = "2026-08-14T16:13:28.962Z" },
]

[[package]]
name = "pycodestyle"
version = "2.13.0"
source = { registry = "https://pypi.org/simple" }
sdist = { url = "https://files.pythonhosted.org/packages/04/6e/1f4a62078e4d95d82367f24e685aef3a672abfd27d1a868068fed4ed2254/pycodestyle-2.13.0.tar.gz", hash = "sha256:c8415bf09abe81d9c7f872502a6eee881fbe85d8763dd5b9924bb0a01d67efae", size = 39312, upload-time = "2025-03-29T17:33:30.669Z" }
wheels = [
    { url = "https://files.pythonhosted.org/packages/07/be/b00116df1bfb3e0bb5b45e29d604799f7b91dd861637e4d448b4e09e6a3e/pycodestyle-2.13.0-py2.py3-none-any.whl", hash = "sha256:35863c5974a271c7a726ed228a14a4f6daf49df369d8c50cd9a6f58a5e143ba9", size = 31424, upload-time = "2025-03-29T17:33:29.405Z" },
]

[[package]]
name = "python-dateutil"
version = "2.9.0.post0"
source = { registry = "https://pypi.org/simple" }
dependencies = [
    { name = "six" },
]
sdist = { url = "https://files.pythonhosted.org/packages/66/c0/0c8b6ad9f17a802ee498c46e004a0eb49bc148f2fd230864601a86dcf6db/python-dateutil-2.9.0.post0.tar.gz", hash = "sha256:37dd54208da7e1cd875388217d5e00ebd4179249f90fb72437e91a35459a0ad3", size = 342432, upload-time = "2024-03-01T18:36:20.211Z" }
wheels = [
    { url = "https://files.pythonhosted.org/packages/ec/57/56b9bcc3c9c6a792fcbaf139543cee77261f3651ca9da0c93f5c1221264b/python_dateutil-2.9.0.post0-py2.py3-none-any.whl", hash = "sha256:a8b2bc7bffae282281c8140a97d3aa9c14da0b136dfe83f850eea9a5f7470427", size = 229892, upload-time = "2024-03-01T18:36:18.57Z" },
]

[[package]]
name = "requests"
version = "2.32.3"
source = { registry = "https://pypi.org/simple" }
dependencies = [
    { name = "certifi" },
    { name = "charset-normalizer" },
    { name = "idna" },
    { name = "urllib3" },
]
sdist = { url = "https://files.pythonhosted.org/packages/63/70/2bf7780ad2d390a8d301ad0b550f1581eadbd9a20f896afe06353c2a2913/requests-2.32.3.tar.gz", hash = "sha256:55365417734eb18255590a9ff9eb97e9e1da868d4ccd6402399eaf68af20a760", size = 131218, upload-time = "2024-05-29T15:37:49.536Z" }
wheels = [
    { url = "https://files.pythonhosted.org/packages/f9/9b/335f9764261e915ed497fcdeb11df5dfd6f7bf257d4a6a2a686d80da4d54/requests-2.32.3-py3-none-any.whl", hash = "sha256:70761cfe03c773ceb22aa2f671b4757976145175cdfca038c02654d061d6dcc6", size = 64928, upload-time = "2024-05-29T15:37:47.027Z" },
]

[[package]]
name = "s3transfer"
version = "0.11.5"
source = { registry = "https://pypi.org/simple" }
dependencies = [
    { name = "botocore" },
]
sdist = { url = "https://files.pythonhosted.org/packages/c4/2b/5c9562795c2eb2b5f63536961754760c25bf0f34af93d36aa28dea2fb303/s3transfer-0.11.5.tar.gz", hash = "sha256:8c8aad92784779ab8688a61aefff3e28e9ebdce43142808eaa3f0b0f402f68b7", size = 149107, upload-time = "2025-04-17T19:23:19.051Z" }
wheels = [
    { url = "https://files.pythonhosted.org/packages/45/39/13402e323666d17850eca87e4cd6ecfcf9fd7809cac9efdcce10272fc29d/s3transfer-0.11.5-py3-none-any.whl", hash = "sha256:757af0f2ac150d3c75bc4177a32355c3862a98d20447b69a0161812992fe0bd4", size = 84782, upload-time = "2025-04-17T19:23:17.516Z" },
]

[[package]]
name = "six"
version = "1.17.0"
source = { registry = "https://pypi.org/simple" }
sdist = { url = "https://files.pythonhosted.org/packages/94/e7/b2c673351809dca68a0e064b6af791aa332cf192da575fd474ed7d6f16a2/six-1.17.0.tar.gz", hash = "sha256:ff70335d468e7eb6ec65b95b99d3a2836546063f63acc5171de367e834932a81", size = 34031, upload-time = "2024-12-04T17:35:28.174Z" }
wheels = [
    { url = "https://files.pythonhosted.org/packages/b7/ce/149a00dd41f10bc29e5921b496af8b574d8413afcd5e30dfa0ed46c2cc5e/six-1.17.0-py2.py3-none-any.whl", hash = "sha256:4721f391ed90541fddacab5acf947aa0d3dc7d27b2e1e8eda2be8970586c3274", size = 11050, upload-time = "2024-12-04T17:35:26.475Z" },
]

[[package]]
name = "types-python-dateutil"
version = "2.9.0.20241206"
source = { registry = "https://pypi.org/simple" }
sdist = { url = "https://files.pythonhosted.org/packages/a9/60/47d92293d9bc521cd2301e423a358abfac0ad409b3a1606d8fbae1321961/types_python_dateutil-2.9.0.20241206.tar.gz", hash = "sha256:18f493414c26ffba692a72369fea7a154c502646301ebfe3d56a04b3767284cb", size = 13802, upload-time = "2024-12-06T02:56:41.019Z" }
wheels = [
    { url = "https://files.pythonhosted.org/packages/0f/b3/ca41df24db5eb99b00d97f89d7674a90cb6b3134c52fb8121b6d8d30f15c/types_python_dateutil-2.9.0.20241206-py3-none-any.whl", hash = "sha256:e248a4bc70a486d3e3ec84d0dc30eec3a5f979d6e7ee4123ae043eedbb987f53", size = 14384, upload-time = "2024-12-06T02:56:39.412Z" },
]

[[package]]
name = "urllib3"
version = "2.4.0"
source = { registry = "https://pypi.org/simple" }
sdist = { url = "https://files.pythonhosted.org/packages/8a/78/16493d9c386d8e60e442a35feac5e00f0913c0f4b7c217c11e8ec2ff53e0/urllib3-2.4.0.tar.gz", hash = "sha256:414bc6535b787febd7567804cc015fee39daab8ad86268f1310a9250697de466", size = 390672, upload-time = "2025-04-10T15:23:39.232Z" }
wheels = [
    { url = "https://files.pythonhosted.org/packages/6b/11/cc635220681e93a0183390e26485430ca2c7b5f9d33b15c74c2861cb8091/urllib3-2.4.0-py3-none-any.whl", hash = "sha256:4e16665048960a0900c702d4a66415956a584919c03361cac9f1df5c5dd7e813", size = 128680, upload-time = "2025-04-10T15:23:37.377Z" },
]
